
Microsoft Visual Studio Solution File, Format Version 12.00
# Visual Studio Version 16
VisualStudioVersion = 16.0.31624.102
MinimumVisualStudioVersion = 10.0.40219.1
Project("{FAE04EC0-301F-11D3-BF4B-00C04F79EFBC}") = "Movie Manager Application", "Movie Manager Application.csproj", "{53568571-0EBE-438E-A709-F0655C993AB7}"
EndProject
Global
	GlobalSection(SolutionConfigurationPlatforms) = preSolution
		Debug|Any CPU = Debug|Any CPU
		Release|Any CPU = Release|Any CPU
	EndGlobalSection
	GlobalSection(ProjectConfigurationPlatforms) = postSolution
		{53568571-0EBE-438E-A709-F0655C993AB7}.Debug|Any CPU.ActiveCfg = Debug|Any CPU
		{53568571-0EBE-438E-A709-F0655C993AB7}.Debug|Any CPU.Build.0 = Debug|Any CPU
		{53568571-0EBE-438E-A709-F0655C993AB7}.Release|Any CPU.ActiveCfg = Release|Any CPU
		{53568571-0EBE-438E-A709-F0655C993AB7}.Release|Any CPU.Build.0 = Release|Any CPU
	EndGlobalSection
	GlobalSection(SolutionProperties) = preSolution
		HideSolutionNode = FALSE
	EndGlobalSection
	GlobalSection(ExtensibilityGlobals) = postSolution
		SolutionGuid = {6A030E61-984D-4463-9118-7742BCB4307C}
	EndGlobalSection
EndGlobal
